
Microsoft Visual Studio Solution File, Format Version 11.00
# Visual Studio 2010
Project("{FAE04EC0-301F-11D3-BF4B-00C04F79EFBC}") = "HelloWorld", "HelloWorld\HelloWorld.csproj", "{37978E20-095C-4BF7-AE84-C5FAAE09307D}"
EndProject
Project("{FAE04EC0-301F-11D3-BF4B-00C04F79EFBC}") = "HelloWorldClient", "HelloWorldClient\HelloWorldClient.csproj", "{E228602E-B409-42E9-A3B6-78FA0C31274B}"
EndProject
Project("{FAE04EC0-301F-11D3-BF4B-00C04F79EFBC}") = "ServiceLibary", "ServiceLibary\ServiceLibary.csproj", "{FAE9A6B4-BC2E-44D5-A40F-4AE177666BEA}"
EndProject
Project("{FAE04EC0-301F-11D3-BF4B-00C04F79EFBC}") = "HostDev", "HostDev\HostDev.csproj", "{5987C355-7DDE-4757-BA6B-6F3091A8B6FB}"
EndProject
Project("{FAE04EC0-301F-11D3-BF4B-00C04F79EFBC}") = "WcfServiceLibrary", "WcfServiceLibrary\WcfServiceLibrary.csproj", "{EC95B932-D687-49CE-B37D-25B60A7D74CF}"
EndProject
Project("{FAE04EC0-301F-11D3-BF4B-00C04F79EFBC}") = "WcfTestService", "WcfTestService\WcfTestService.csproj", "{37C30EF0-874F-4704-AB83-17213B99A17F}"
EndProject
Project("{FAE04EC0-301F-11D3-BF4B-00C04F79EFBC}") = "UnitTest", "UnitTest\UnitTest.csproj", "{A4DEDE52-A2F7-46F1-84A9-53F9F2901263}"
EndProject
Project("{FAE04EC0-301F-11D3-BF4B-00C04F79EFBC}") = "Utilities", "Utilities\Utilities.csproj", "{0187DF3F-8B77-466C-9C0B-EB1A943D46BB}"
EndProject
Project("{2150E333-8FDC-42A3-9474-1A3956D46DE8}") = "headfirst", "headfirst", "{6258F4AA-1478-494B-83E8-27CD2D2DEE49}"
EndProject
Project("{2150E333-8FDC-42A3-9474-1A3956D46DE8}") = "library", "library", "{DC7D4FA2-C12B-474E-8025-5B9FE9ED0CAD}"
EndProject
Project("{2150E333-8FDC-42A3-9474-1A3956D46DE8}") = "test", "test", "{02E1708D-041E-4482-97D6-0CE975588FCC}"
EndProject
Global
	GlobalSection(SolutionConfigurationPlatforms) = preSolution
		Debug|Any CPU = Debug|Any CPU
		Debug|Mixed Platforms = Debug|Mixed Platforms
		Debug|x86 = Debug|x86
		Release|Any CPU = Release|Any CPU
		Release|Mixed Platforms = Release|Mixed Platforms
		Release|x86 = Release|x86
	EndGlobalSection
	GlobalSection(ProjectConfigurationPlatforms) = postSolution
		{37978E20-095C-4BF7-AE84-C5FAAE09307D}.Debug|Any CPU.ActiveCfg = Debug|Any CPU
		{37978E20-095C-4BF7-AE84-C5FAAE09307D}.Debug|Any CPU.Build.0 = Debug|Any CPU
		{37978E20-095C-4BF7-AE84-C5FAAE09307D}.Debug|Mixed Platforms.ActiveCfg = Debug|Any CPU
		{37978E20-095C-4BF7-AE84-C5FAAE09307D}.Debug|Mixed Platforms.Build.0 = Debug|Any CPU
		{37978E20-095C-4BF7-AE84-C5FAAE09307D}.Debug|x86.ActiveCfg = Debug|Any CPU
		{37978E20-095C-4BF7-AE84-C5FAAE09307D}.Release|Any CPU.ActiveCfg = Release|Any CPU
		{37978E20-095C-4BF7-AE84-C5FAAE09307D}.Release|Any CPU.Build.0 = Release|Any CPU
		{37978E20-095C-4BF7-AE84-C5FAAE09307D}.Release|Mixed Platforms.ActiveCfg = Release|Any CPU
		{37978E20-095C-4BF7-AE84-C5FAAE09307D}.Release|Mixed Platforms.Build.0 = Release|Any CPU
		{37978E20-095C-4BF7-AE84-C5FAAE09307D}.Release|x86.ActiveCfg = Release|Any CPU
		{E228602E-B409-42E9-A3B6-78FA0C31274B}.Debug|Any CPU.ActiveCfg = Debug|x86
		{E228602E-B409-42E9-A3B6-78FA0C31274B}.Debug|Mixed Platforms.ActiveCfg = Debug|x86
		{E228602E-B409-42E9-A3B6-78FA0C31274B}.Debug|Mixed Platforms.Build.0 = Debug|x86
		{E228602E-B409-42E9-A3B6-78FA0C31274B}.Debug|x86.ActiveCfg = Debug|x86
		{E228602E-B409-42E9-A3B6-78FA0C31274B}.Debug|x86.Build.0 = Debug|x86
		{E228602E-B409-42E9-A3B6-78FA0C31274B}.Release|Any CPU.ActiveCfg = Release|x86
		{E228602E-B409-42E9-A3B6-78FA0C31274B}.Release|Mixed Platforms.ActiveCfg = Release|x86
		{E228602E-B409-42E9-A3B6-78FA0C31274B}.Release|Mixed Platforms.Build.0 = Release|x86
		{E228602E-B409-42E9-A3B6-78FA0C31274B}.Release|x86.ActiveCfg = Release|x86
		{E228602E-B409-42E9-A3B6-78FA0C31274B}.Release|x86.Build.0 = Release|x86
		{FAE9A6B4-BC2E-44D5-A40F-4AE177666BEA}.Debug|Any CPU.ActiveCfg = Debug|Any CPU
		{FAE9A6B4-BC2E-44D5-A40F-4AE177666BEA}.Debug|Any CPU.Build.0 = Debug|Any CPU
		{FAE9A6B4-BC2E-44D5-A40F-4AE177666BEA}.Debug|Mixed Platforms.ActiveCfg = Debug|Any CPU
		{FAE9A6B4-BC2E-44D5-A40F-4AE177666BEA}.Debug|Mixed Platforms.Build.0 = Debug|Any CPU
		{FAE9A6B4-BC2E-44D5-A40F-4AE177666BEA}.Debug|x86.ActiveCfg = Debug|Any CPU
		{FAE9A6B4-BC2E-44D5-A40F-4AE177666BEA}.Release|Any CPU.ActiveCfg = Release|Any CPU
		{FAE9A6B4-BC2E-44D5-A40F-4AE177666BEA}.Release|Any CPU.Build.0 = Release|Any CPU
		{FAE9A6B4-BC2E-44D5-A40F-4AE177666BEA}.Release|Mixed Platforms.ActiveCfg = Release|Any CPU
		{FAE9A6B4-BC2E-44D5-A40F-4AE177666BEA}.Release|Mixed Platforms.Build.0 = Release|Any CPU
		{FAE9A6B4-BC2E-44D5-A40F-4AE177666BEA}.Release|x86.ActiveCfg = Release|Any CPU
		{5987C355-7DDE-4757-BA6B-6F3091A8B6FB}.Debug|Any CPU.ActiveCfg = Debug|Any CPU
		{5987C355-7DDE-4757-BA6B-6F3091A8B6FB}.Debug|Any CPU.Build.0 = Debug|Any CPU
		{5987C355-7DDE-4757-BA6B-6F3091A8B6FB}.Debug|Mixed Platforms.ActiveCfg = Debug|Any CPU
		{5987C355-7DDE-4757-BA6B-6F3091A8B6FB}.Debug|Mixed Platforms.Build.0 = Debug|Any CPU
		{5987C355-7DDE-4757-BA6B-6F3091A8B6FB}.Debug|x86.ActiveCfg = Debug|Any CPU
		{5987C355-7DDE-4757-BA6B-6F3091A8B6FB}.Release|Any CPU.ActiveCfg = Release|Any CPU
		{5987C355-7DDE-4757-BA6B-6F3091A8B6FB}.Release|Any CPU.Build.0 = Release|Any CPU
		{5987C355-7DDE-4757-BA6B-6F3091A8B6FB}.Release|Mixed Platforms.ActiveCfg = Release|Any CPU
		{5987C355-7DDE-4757-BA6B-6F3091A8B6FB}.Release|Mixed Platforms.Build.0 = Release|Any CPU
		{5987C355-7DDE-4757-BA6B-6F3091A8B6FB}.Release|x86.ActiveCfg = Release|Any CPU
		{EC95B932-D687-49CE-B37D-25B60A7D74CF}.Debug|Any CPU.ActiveCfg = Debug|Any CPU
		{EC95B932-D687-49CE-B37D-25B60A7D74CF}.Debug|Any CPU.Build.0 = Debug|Any CPU
		{EC95B932-D687-49CE-B37D-25B60A7D74CF}.Debug|Mixed Platforms.ActiveCfg = Debug|Any CPU
		{EC95B932-D687-49CE-B37D-25B60A7D74CF}.Debug|Mixed Platforms.Build.0 = Debug|Any CPU
		{EC95B932-D687-49CE-B37D-25B60A7D74CF}.Debug|x86.ActiveCfg = Debug|Any CPU
		{EC95B932-D687-49CE-B37D-25B60A7D74CF}.Release|Any CPU.ActiveCfg = Release|Any CPU
		{EC95B932-D687-49CE-B37D-25B60A7D74CF}.Release|Any CPU.Build.0 = Release|Any CPU
		{EC95B932-D687-49CE-B37D-25B60A7D74CF}.Release|Mixed Platforms.ActiveCfg = Release|Any CPU
		{EC95B932-D687-49CE-B37D-25B60A7D74CF}.Release|Mixed Platforms.Build.0 = Release|Any CPU
		{EC95B932-D687-49CE-B37D-25B60A7D74CF}.Release|x86.ActiveCfg = Release|Any CPU
		{37C30EF0-874F-4704-AB83-17213B99A17F}.Debug|Any CPU.ActiveCfg = Debug|x86
		{37C30EF0-874F-4704-AB83-17213B99A17F}.Debug|Mixed Platforms.ActiveCfg = Debug|x86
		{37C30EF0-874F-4704-AB83-17213B99A17F}.Debug|Mixed Platforms.Build.0 = Debug|x86
		{37C30EF0-874F-4704-AB83-17213B99A17F}.Debug|x86.ActiveCfg = Debug|x86
		{37C30EF0-874F-4704-AB83-17213B99A17F}.Debug|x86.Build.0 = Debug|x86
		{37C30EF0-874F-4704-AB83-17213B99A17F}.Release|Any CPU.ActiveCfg = Release|x86
		{37C30EF0-874F-4704-AB83-17213B99A17F}.Release|Mixed Platforms.ActiveCfg = Release|x86
		{37C30EF0-874F-4704-AB83-17213B99A17F}.Release|Mixed Platforms.Build.0 = Release|x86
		{37C30EF0-874F-4704-AB83-17213B99A17F}.Release|x86.ActiveCfg = Release|x86
		{37C30EF0-874F-4704-AB83-17213B99A17F}.Release|x86.Build.0 = Release|x86
		{A4DEDE52-A2F7-46F1-84A9-53F9F2901263}.Debug|Any CPU.ActiveCfg = Debug|Any CPU
		{A4DEDE52-A2F7-46F1-84A9-53F9F2901263}.Debug|Any CPU.Build.0 = Debug|Any CPU
		{A4DEDE52-A2F7-46F1-84A9-53F9F2901263}.Debug|Mixed Platforms.ActiveCfg = Debug|Any CPU
		{A4DEDE52-A2F7-46F1-84A9-53F9F2901263}.Debug|Mixed Platforms.Build.0 = Debug|Any CPU
		{A4DEDE52-A2F7-46F1-84A9-53F9F2901263}.Debug|x86.ActiveCfg = Debug|Any CPU
		{A4DEDE52-A2F7-46F1-84A9-53F9F2901263}.Release|Any CPU.ActiveCfg = Release|Any CPU
		{A4DEDE52-A2F7-46F1-84A9-53F9F2901263}.Release|Any CPU.Build.0 = Release|Any CPU
		{A4DEDE52-A2F7-46F1-84A9-53F9F2901263}.Release|Mixed Platforms.ActiveCfg = Release|Any CPU
		{A4DEDE52-A2F7-46F1-84A9-53F9F2901263}.Release|Mixed Platforms.Build.0 = Release|Any CPU
		{A4DEDE52-A2F7-46F1-84A9-53F9F2901263}.Release|x86.ActiveCfg = Release|Any CPU
		{0187DF3F-8B77-466C-9C0B-EB1A943D46BB}.Debug|Any CPU.ActiveCfg = Debug|Any CPU
		{0187DF3F-8B77-466C-9C0B-EB1A943D46BB}.Debug|Any CPU.Build.0 = Debug|Any CPU
		{0187DF3F-8B77-466C-9C0B-EB1A943D46BB}.Debug|Mixed Platforms.ActiveCfg = Debug|Any CPU
		{0187DF3F-8B77-466C-9C0B-EB1A943D46BB}.Debug|Mixed Platforms.Build.0 = Debug|Any CPU
		{0187DF3F-8B77-466C-9C0B-EB1A943D46BB}.Debug|x86.ActiveCfg = Debug|Any CPU
		{0187DF3F-8B77-466C-9C0B-EB1A943D46BB}.Release|Any CPU.ActiveCfg = Release|Any CPU
		{0187DF3F-8B77-466C-9C0B-EB1A943D46BB}.Release|Any CPU.Build.0 = Release|Any CPU
		{0187DF3F-8B77-466C-9C0B-EB1A943D46BB}.Release|Mixed Platforms.ActiveCfg = Release|Any CPU
		{0187DF3F-8B77-466C-9C0B-EB1A943D46BB}.Release|Mixed Platforms.Build.0 = Release|Any CPU
		{0187DF3F-8B77-466C-9C0B-EB1A943D46BB}.Release|x86.ActiveCfg = Release|Any CPU
	EndGlobalSection
	GlobalSection(SolutionProperties) = preSolution
		HideSolutionNode = FALSE
	EndGlobalSection
	GlobalSection(NestedProjects) = preSolution
		{37978E20-095C-4BF7-AE84-C5FAAE09307D} = {6258F4AA-1478-494B-83E8-27CD2D2DEE49}
		{E228602E-B409-42E9-A3B6-78FA0C31274B} = {6258F4AA-1478-494B-83E8-27CD2D2DEE49}
		{5987C355-7DDE-4757-BA6B-6F3091A8B6FB} = {6258F4AA-1478-494B-83E8-27CD2D2DEE49}
		{EC95B932-D687-49CE-B37D-25B60A7D74CF} = {6258F4AA-1478-494B-83E8-27CD2D2DEE49}
		{37C30EF0-874F-4704-AB83-17213B99A17F} = {6258F4AA-1478-494B-83E8-27CD2D2DEE49}
		{0187DF3F-8B77-466C-9C0B-EB1A943D46BB} = {DC7D4FA2-C12B-474E-8025-5B9FE9ED0CAD}
		{FAE9A6B4-BC2E-44D5-A40F-4AE177666BEA} = {DC7D4FA2-C12B-474E-8025-5B9FE9ED0CAD}
		{A4DEDE52-A2F7-46F1-84A9-53F9F2901263} = {02E1708D-041E-4482-97D6-0CE975588FCC}
	EndGlobalSection
EndGlobal
