
Microsoft Visual Studio Solution File, Format Version 12.00
# Visual Studio 2010
Project("{FAE04EC0-301F-11D3-BF4B-00C04F79EFBC}") = "HelloWorld", "HelloWorld\HelloWorld.csproj", "{37978E20-095C-4BF7-AE84-C5FAAE09307D}"
EndProject
Project("{FAE04EC0-301F-11D3-BF4B-00C04F79EFBC}") = "HelloWorldClient", "HelloWorldClient\HelloWorldClient.csproj", "{E228602E-B409-42E9-A3B6-78FA0C31274B}"
EndProject
Project("{FAE04EC0-301F-11D3-BF4B-00C04F79EFBC}") = "ServiceLibary", "ServiceLibary\ServiceLibary.csproj", "{FAE9A6B4-BC2E-44D5-A40F-4AE177666BEA}"
EndProject
Project("{FAE04EC0-301F-11D3-BF4B-00C04F79EFBC}") = "HostDev", "HostDev\HostDev.csproj", "{5987C355-7DDE-4757-BA6B-6F3091A8B6FB}"
EndProject
Project("{FAE04EC0-301F-11D3-BF4B-00C04F79EFBC}") = "WcfServiceLibrary", "WcfServiceLibrary\WcfServiceLibrary.csproj", "{EC95B932-D687-49CE-B37D-25B60A7D74CF}"
EndProject
Project("{FAE04EC0-301F-11D3-BF4B-00C04F79EFBC}") = "WcfTestService", "WcfTestService\WcfTestService.csproj", "{37C30EF0-874F-4704-AB83-17213B99A17F}"
EndProject
Project("{FAE04EC0-301F-11D3-BF4B-00C04F79EFBC}") = "UnitTest", "UnitTest\UnitTest.csproj", "{A4DEDE52-A2F7-46F1-84A9-53F9F2901263}"
EndProject
Project("{FAE04EC0-301F-11D3-BF4B-00C04F79EFBC}") = "Utilities", "Utilities\Utilities.csproj", "{0187DF3F-8B77-466C-9C0B-EB1A943D46BB}"
EndProject
Project("{2150E333-8FDC-42A3-9474-1A3956D46DE8}") = "headfirst", "headfirst", "{6258F4AA-1478-494B-83E8-27CD2D2DEE49}"
EndProject
Project("{2150E333-8FDC-42A3-9474-1A3956D46DE8}") = "library", "library", "{DC7D4FA2-C12B-474E-8025-5B9FE9ED0CAD}"
EndProject
Project("{2150E333-8FDC-42A3-9474-1A3956D46DE8}") = "test", "test", "{02E1708D-041E-4482-97D6-0CE975588FCC}"
EndProject
Project("{2150E333-8FDC-42A3-9474-1A3956D46DE8}") = "tool", "tool", "{FCC1AEBD-D1EA-471A-8F73-65AD9842F17B}"
EndProject
Project("{FAE04EC0-301F-11D3-BF4B-00C04F79EFBC}") = "TCPListenerService", "TCPListenerService\TCPListenerService.csproj", "{F8AE0826-FCCA-4CB1-8704-488CFC05FCB0}"
EndProject
Project("{FAE04EC0-301F-11D3-BF4B-00C04F79EFBC}") = "TcpServer", "TcpServer\TcpServer.csproj", "{418142C6-8B58-42AA-B97D-27A432885027}"
EndProject
Project("{FAE04EC0-301F-11D3-BF4B-00C04F79EFBC}") = "TcpClient", "TcpClient\TcpClient.csproj", "{BF06B77F-4AA7-4E97-BDEC-13B3EDD654CF}"
EndProject
Project("{2150E333-8FDC-42A3-9474-1A3956D46DE8}") = "build", "build", "{73E85F4F-BEEF-4C98-AF52-A5262EB7719E}"
EndProject
Project("{FAE04EC0-301F-11D3-BF4B-00C04F79EFBC}") = "BuildUtilities", "tools\Utilities\BuildUtilities\BuildUtilities.csproj", "{1514DCBA-0566-46D5-B022-C8A029373911}"
EndProject
Project("{FAE04EC0-301F-11D3-BF4B-00C04F79EFBC}") = "ReplaceTokens", "tools\Utilities\ReplaceTokens\ReplaceTokens\ReplaceTokens.csproj", "{435C0FB7-C547-4ED7-B2CF-8AD96C7E6340}"
	ProjectSection(ProjectDependencies) = postProject
		{7C1A2DEA-9AF0-4D89-BAA0-7BDE8CC88026} = {7C1A2DEA-9AF0-4D89-BAA0-7BDE8CC88026}
	EndProjectSection
EndProject
Project("{FAE04EC0-301F-11D3-BF4B-00C04F79EFBC}") = "ReplaceTokensLib", "tools\Utilities\ReplaceTokens\ReplaceTokensLib\ReplaceTokensLib.csproj", "{7C1A2DEA-9AF0-4D89-BAA0-7BDE8CC88026}"
EndProject
Project("{FAE04EC0-301F-11D3-BF4B-00C04F79EFBC}") = "ReplaceTokensLib.Tests", "tools\Utilities\ReplaceTokens\ReplaceTokensLib.Tests\ReplaceTokensLib.Tests.csproj", "{365461CA-DDB0-4429-9458-5E7A8D0644A2}"
EndProject
Project("{FAE04EC0-301F-11D3-BF4B-00C04F79EFBC}") = "wordreplace", "tools\Utilities\wordreplace\wordreplace.csproj", "{60F0705E-F955-4F51-A3EA-7AFB9A38301C}"
EndProject
Project("{2150E333-8FDC-42A3-9474-1A3956D46DE8}") = "scripts", "scripts", "{D7FFEF84-6EF7-49B9-A8E5-80A481057804}"
	ProjectSection(SolutionItems) = preProject
		tools\scripts\CopyCoreDLLs.py = tools\scripts\CopyCoreDLLs.py
		tools\scripts\ibslib.py = tools\scripts\ibslib.py
		tools\scripts\ReplaceTokens.py = tools\scripts\ReplaceTokens.py
	EndProjectSection
EndProject
Global
	GlobalSection(SolutionConfigurationPlatforms) = preSolution
		Debug|Any CPU = Debug|Any CPU
		Debug|Mixed Platforms = Debug|Mixed Platforms
		Debug|x86 = Debug|x86
		Release|Any CPU = Release|Any CPU
		Release|Mixed Platforms = Release|Mixed Platforms
		Release|x86 = Release|x86
	EndGlobalSection
	GlobalSection(ProjectConfigurationPlatforms) = postSolution
		{37978E20-095C-4BF7-AE84-C5FAAE09307D}.Debug|Any CPU.ActiveCfg = Debug|Any CPU
		{37978E20-095C-4BF7-AE84-C5FAAE09307D}.Debug|Any CPU.Build.0 = Debug|Any CPU
		{37978E20-095C-4BF7-AE84-C5FAAE09307D}.Debug|Mixed Platforms.ActiveCfg = Debug|Any CPU
		{37978E20-095C-4BF7-AE84-C5FAAE09307D}.Debug|Mixed Platforms.Build.0 = Debug|Any CPU
		{37978E20-095C-4BF7-AE84-C5FAAE09307D}.Debug|x86.ActiveCfg = Debug|Any CPU
		{37978E20-095C-4BF7-AE84-C5FAAE09307D}.Release|Any CPU.ActiveCfg = Release|Any CPU
		{37978E20-095C-4BF7-AE84-C5FAAE09307D}.Release|Any CPU.Build.0 = Release|Any CPU
		{37978E20-095C-4BF7-AE84-C5FAAE09307D}.Release|Mixed Platforms.ActiveCfg = Release|Any CPU
		{37978E20-095C-4BF7-AE84-C5FAAE09307D}.Release|Mixed Platforms.Build.0 = Release|Any CPU
		{37978E20-095C-4BF7-AE84-C5FAAE09307D}.Release|x86.ActiveCfg = Release|Any CPU
		{E228602E-B409-42E9-A3B6-78FA0C31274B}.Debug|Any CPU.ActiveCfg = Debug|x86
		{E228602E-B409-42E9-A3B6-78FA0C31274B}.Debug|Mixed Platforms.ActiveCfg = Debug|x86
		{E228602E-B409-42E9-A3B6-78FA0C31274B}.Debug|Mixed Platforms.Build.0 = Debug|x86
		{E228602E-B409-42E9-A3B6-78FA0C31274B}.Debug|x86.ActiveCfg = Debug|x86
		{E228602E-B409-42E9-A3B6-78FA0C31274B}.Debug|x86.Build.0 = Debug|x86
		{E228602E-B409-42E9-A3B6-78FA0C31274B}.Release|Any CPU.ActiveCfg = Release|x86
		{E228602E-B409-42E9-A3B6-78FA0C31274B}.Release|Mixed Platforms.ActiveCfg = Release|x86
		{E228602E-B409-42E9-A3B6-78FA0C31274B}.Release|Mixed Platforms.Build.0 = Release|x86
		{E228602E-B409-42E9-A3B6-78FA0C31274B}.Release|x86.ActiveCfg = Release|x86
		{E228602E-B409-42E9-A3B6-78FA0C31274B}.Release|x86.Build.0 = Release|x86
		{FAE9A6B4-BC2E-44D5-A40F-4AE177666BEA}.Debug|Any CPU.ActiveCfg = Debug|Any CPU
		{FAE9A6B4-BC2E-44D5-A40F-4AE177666BEA}.Debug|Any CPU.Build.0 = Debug|Any CPU
		{FAE9A6B4-BC2E-44D5-A40F-4AE177666BEA}.Debug|Mixed Platforms.ActiveCfg = Debug|Any CPU
		{FAE9A6B4-BC2E-44D5-A40F-4AE177666BEA}.Debug|Mixed Platforms.Build.0 = Debug|Any CPU
		{FAE9A6B4-BC2E-44D5-A40F-4AE177666BEA}.Debug|x86.ActiveCfg = Debug|Any CPU
		{FAE9A6B4-BC2E-44D5-A40F-4AE177666BEA}.Release|Any CPU.ActiveCfg = Release|Any CPU
		{FAE9A6B4-BC2E-44D5-A40F-4AE177666BEA}.Release|Any CPU.Build.0 = Release|Any CPU
		{FAE9A6B4-BC2E-44D5-A40F-4AE177666BEA}.Release|Mixed Platforms.ActiveCfg = Release|Any CPU
		{FAE9A6B4-BC2E-44D5-A40F-4AE177666BEA}.Release|Mixed Platforms.Build.0 = Release|Any CPU
		{FAE9A6B4-BC2E-44D5-A40F-4AE177666BEA}.Release|x86.ActiveCfg = Release|Any CPU
		{5987C355-7DDE-4757-BA6B-6F3091A8B6FB}.Debug|Any CPU.ActiveCfg = Debug|Any CPU
		{5987C355-7DDE-4757-BA6B-6F3091A8B6FB}.Debug|Any CPU.Build.0 = Debug|Any CPU
		{5987C355-7DDE-4757-BA6B-6F3091A8B6FB}.Debug|Mixed Platforms.ActiveCfg = Debug|Any CPU
		{5987C355-7DDE-4757-BA6B-6F3091A8B6FB}.Debug|Mixed Platforms.Build.0 = Debug|Any CPU
		{5987C355-7DDE-4757-BA6B-6F3091A8B6FB}.Debug|x86.ActiveCfg = Debug|Any CPU
		{5987C355-7DDE-4757-BA6B-6F3091A8B6FB}.Release|Any CPU.ActiveCfg = Release|Any CPU
		{5987C355-7DDE-4757-BA6B-6F3091A8B6FB}.Release|Any CPU.Build.0 = Release|Any CPU
		{5987C355-7DDE-4757-BA6B-6F3091A8B6FB}.Release|Mixed Platforms.ActiveCfg = Release|Any CPU
		{5987C355-7DDE-4757-BA6B-6F3091A8B6FB}.Release|Mixed Platforms.Build.0 = Release|Any CPU
		{5987C355-7DDE-4757-BA6B-6F3091A8B6FB}.Release|x86.ActiveCfg = Release|Any CPU
		{EC95B932-D687-49CE-B37D-25B60A7D74CF}.Debug|Any CPU.ActiveCfg = Debug|Any CPU
		{EC95B932-D687-49CE-B37D-25B60A7D74CF}.Debug|Any CPU.Build.0 = Debug|Any CPU
		{EC95B932-D687-49CE-B37D-25B60A7D74CF}.Debug|Mixed Platforms.ActiveCfg = Debug|Any CPU
		{EC95B932-D687-49CE-B37D-25B60A7D74CF}.Debug|Mixed Platforms.Build.0 = Debug|Any CPU
		{EC95B932-D687-49CE-B37D-25B60A7D74CF}.Debug|x86.ActiveCfg = Debug|Any CPU
		{EC95B932-D687-49CE-B37D-25B60A7D74CF}.Release|Any CPU.ActiveCfg = Release|Any CPU
		{EC95B932-D687-49CE-B37D-25B60A7D74CF}.Release|Any CPU.Build.0 = Release|Any CPU
		{EC95B932-D687-49CE-B37D-25B60A7D74CF}.Release|Mixed Platforms.ActiveCfg = Release|Any CPU
		{EC95B932-D687-49CE-B37D-25B60A7D74CF}.Release|Mixed Platforms.Build.0 = Release|Any CPU
		{EC95B932-D687-49CE-B37D-25B60A7D74CF}.Release|x86.ActiveCfg = Release|Any CPU
		{37C30EF0-874F-4704-AB83-17213B99A17F}.Debug|Any CPU.ActiveCfg = Debug|x86
		{37C30EF0-874F-4704-AB83-17213B99A17F}.Debug|Mixed Platforms.ActiveCfg = Debug|x86
		{37C30EF0-874F-4704-AB83-17213B99A17F}.Debug|Mixed Platforms.Build.0 = Debug|x86
		{37C30EF0-874F-4704-AB83-17213B99A17F}.Debug|x86.ActiveCfg = Debug|x86
		{37C30EF0-874F-4704-AB83-17213B99A17F}.Debug|x86.Build.0 = Debug|x86
		{37C30EF0-874F-4704-AB83-17213B99A17F}.Release|Any CPU.ActiveCfg = Release|x86
		{37C30EF0-874F-4704-AB83-17213B99A17F}.Release|Mixed Platforms.ActiveCfg = Release|x86
		{37C30EF0-874F-4704-AB83-17213B99A17F}.Release|Mixed Platforms.Build.0 = Release|x86
		{37C30EF0-874F-4704-AB83-17213B99A17F}.Release|x86.ActiveCfg = Release|x86
		{37C30EF0-874F-4704-AB83-17213B99A17F}.Release|x86.Build.0 = Release|x86
		{A4DEDE52-A2F7-46F1-84A9-53F9F2901263}.Debug|Any CPU.ActiveCfg = Debug|Any CPU
		{A4DEDE52-A2F7-46F1-84A9-53F9F2901263}.Debug|Any CPU.Build.0 = Debug|Any CPU
		{A4DEDE52-A2F7-46F1-84A9-53F9F2901263}.Debug|Mixed Platforms.ActiveCfg = Debug|Any CPU
		{A4DEDE52-A2F7-46F1-84A9-53F9F2901263}.Debug|Mixed Platforms.Build.0 = Debug|Any CPU
		{A4DEDE52-A2F7-46F1-84A9-53F9F2901263}.Debug|x86.ActiveCfg = Debug|Any CPU
		{A4DEDE52-A2F7-46F1-84A9-53F9F2901263}.Release|Any CPU.ActiveCfg = Release|Any CPU
		{A4DEDE52-A2F7-46F1-84A9-53F9F2901263}.Release|Any CPU.Build.0 = Release|Any CPU
		{A4DEDE52-A2F7-46F1-84A9-53F9F2901263}.Release|Mixed Platforms.ActiveCfg = Release|Any CPU
		{A4DEDE52-A2F7-46F1-84A9-53F9F2901263}.Release|Mixed Platforms.Build.0 = Release|Any CPU
		{A4DEDE52-A2F7-46F1-84A9-53F9F2901263}.Release|x86.ActiveCfg = Release|Any CPU
		{0187DF3F-8B77-466C-9C0B-EB1A943D46BB}.Debug|Any CPU.ActiveCfg = Debug|Any CPU
		{0187DF3F-8B77-466C-9C0B-EB1A943D46BB}.Debug|Any CPU.Build.0 = Debug|Any CPU
		{0187DF3F-8B77-466C-9C0B-EB1A943D46BB}.Debug|Mixed Platforms.ActiveCfg = Debug|Any CPU
		{0187DF3F-8B77-466C-9C0B-EB1A943D46BB}.Debug|Mixed Platforms.Build.0 = Debug|Any CPU
		{0187DF3F-8B77-466C-9C0B-EB1A943D46BB}.Debug|x86.ActiveCfg = Debug|Any CPU
		{0187DF3F-8B77-466C-9C0B-EB1A943D46BB}.Release|Any CPU.ActiveCfg = Release|Any CPU
		{0187DF3F-8B77-466C-9C0B-EB1A943D46BB}.Release|Any CPU.Build.0 = Release|Any CPU
		{0187DF3F-8B77-466C-9C0B-EB1A943D46BB}.Release|Mixed Platforms.ActiveCfg = Release|Any CPU
		{0187DF3F-8B77-466C-9C0B-EB1A943D46BB}.Release|Mixed Platforms.Build.0 = Release|Any CPU
		{0187DF3F-8B77-466C-9C0B-EB1A943D46BB}.Release|x86.ActiveCfg = Release|Any CPU
		{F8AE0826-FCCA-4CB1-8704-488CFC05FCB0}.Debug|Any CPU.ActiveCfg = Debug|x86
		{F8AE0826-FCCA-4CB1-8704-488CFC05FCB0}.Debug|Mixed Platforms.ActiveCfg = Debug|x86
		{F8AE0826-FCCA-4CB1-8704-488CFC05FCB0}.Debug|Mixed Platforms.Build.0 = Debug|x86
		{F8AE0826-FCCA-4CB1-8704-488CFC05FCB0}.Debug|x86.ActiveCfg = Debug|x86
		{F8AE0826-FCCA-4CB1-8704-488CFC05FCB0}.Debug|x86.Build.0 = Debug|x86
		{F8AE0826-FCCA-4CB1-8704-488CFC05FCB0}.Release|Any CPU.ActiveCfg = Release|x86
		{F8AE0826-FCCA-4CB1-8704-488CFC05FCB0}.Release|Mixed Platforms.ActiveCfg = Release|x86
		{F8AE0826-FCCA-4CB1-8704-488CFC05FCB0}.Release|Mixed Platforms.Build.0 = Release|x86
		{F8AE0826-FCCA-4CB1-8704-488CFC05FCB0}.Release|x86.ActiveCfg = Release|x86
		{F8AE0826-FCCA-4CB1-8704-488CFC05FCB0}.Release|x86.Build.0 = Release|x86
		{418142C6-8B58-42AA-B97D-27A432885027}.Debug|Any CPU.ActiveCfg = Debug|x86
		{418142C6-8B58-42AA-B97D-27A432885027}.Debug|Mixed Platforms.ActiveCfg = Debug|x86
		{418142C6-8B58-42AA-B97D-27A432885027}.Debug|Mixed Platforms.Build.0 = Debug|x86
		{418142C6-8B58-42AA-B97D-27A432885027}.Debug|x86.ActiveCfg = Debug|x86
		{418142C6-8B58-42AA-B97D-27A432885027}.Debug|x86.Build.0 = Debug|x86
		{418142C6-8B58-42AA-B97D-27A432885027}.Release|Any CPU.ActiveCfg = Release|x86
		{418142C6-8B58-42AA-B97D-27A432885027}.Release|Mixed Platforms.ActiveCfg = Release|x86
		{418142C6-8B58-42AA-B97D-27A432885027}.Release|Mixed Platforms.Build.0 = Release|x86
		{418142C6-8B58-42AA-B97D-27A432885027}.Release|x86.ActiveCfg = Release|x86
		{418142C6-8B58-42AA-B97D-27A432885027}.Release|x86.Build.0 = Release|x86
		{BF06B77F-4AA7-4E97-BDEC-13B3EDD654CF}.Debug|Any CPU.ActiveCfg = Debug|x86
		{BF06B77F-4AA7-4E97-BDEC-13B3EDD654CF}.Debug|Mixed Platforms.ActiveCfg = Debug|x86
		{BF06B77F-4AA7-4E97-BDEC-13B3EDD654CF}.Debug|Mixed Platforms.Build.0 = Debug|x86
		{BF06B77F-4AA7-4E97-BDEC-13B3EDD654CF}.Debug|x86.ActiveCfg = Debug|x86
		{BF06B77F-4AA7-4E97-BDEC-13B3EDD654CF}.Debug|x86.Build.0 = Debug|x86
		{BF06B77F-4AA7-4E97-BDEC-13B3EDD654CF}.Release|Any CPU.ActiveCfg = Release|x86
		{BF06B77F-4AA7-4E97-BDEC-13B3EDD654CF}.Release|Mixed Platforms.ActiveCfg = Release|x86
		{BF06B77F-4AA7-4E97-BDEC-13B3EDD654CF}.Release|Mixed Platforms.Build.0 = Release|x86
		{BF06B77F-4AA7-4E97-BDEC-13B3EDD654CF}.Release|x86.ActiveCfg = Release|x86
		{BF06B77F-4AA7-4E97-BDEC-13B3EDD654CF}.Release|x86.Build.0 = Release|x86
		{1514DCBA-0566-46D5-B022-C8A029373911}.Debug|Any CPU.ActiveCfg = Debug|Any CPU
		{1514DCBA-0566-46D5-B022-C8A029373911}.Debug|Any CPU.Build.0 = Debug|Any CPU
		{1514DCBA-0566-46D5-B022-C8A029373911}.Debug|Mixed Platforms.ActiveCfg = Debug|x86
		{1514DCBA-0566-46D5-B022-C8A029373911}.Debug|Mixed Platforms.Build.0 = Debug|x86
		{1514DCBA-0566-46D5-B022-C8A029373911}.Debug|x86.ActiveCfg = Debug|x86
		{1514DCBA-0566-46D5-B022-C8A029373911}.Debug|x86.Build.0 = Debug|x86
		{1514DCBA-0566-46D5-B022-C8A029373911}.Release|Any CPU.ActiveCfg = Release|Any CPU
		{1514DCBA-0566-46D5-B022-C8A029373911}.Release|Any CPU.Build.0 = Release|Any CPU
		{1514DCBA-0566-46D5-B022-C8A029373911}.Release|Mixed Platforms.ActiveCfg = Release|x86
		{1514DCBA-0566-46D5-B022-C8A029373911}.Release|Mixed Platforms.Build.0 = Release|x86
		{1514DCBA-0566-46D5-B022-C8A029373911}.Release|x86.ActiveCfg = Release|x86
		{1514DCBA-0566-46D5-B022-C8A029373911}.Release|x86.Build.0 = Release|x86
		{435C0FB7-C547-4ED7-B2CF-8AD96C7E6340}.Debug|Any CPU.ActiveCfg = Debug|Any CPU
		{435C0FB7-C547-4ED7-B2CF-8AD96C7E6340}.Debug|Any CPU.Build.0 = Debug|Any CPU
		{435C0FB7-C547-4ED7-B2CF-8AD96C7E6340}.Debug|Mixed Platforms.ActiveCfg = Debug|x86
		{435C0FB7-C547-4ED7-B2CF-8AD96C7E6340}.Debug|Mixed Platforms.Build.0 = Debug|x86
		{435C0FB7-C547-4ED7-B2CF-8AD96C7E6340}.Debug|x86.ActiveCfg = Debug|x86
		{435C0FB7-C547-4ED7-B2CF-8AD96C7E6340}.Debug|x86.Build.0 = Debug|x86
		{435C0FB7-C547-4ED7-B2CF-8AD96C7E6340}.Release|Any CPU.ActiveCfg = Release|Any CPU
		{435C0FB7-C547-4ED7-B2CF-8AD96C7E6340}.Release|Any CPU.Build.0 = Release|Any CPU
		{435C0FB7-C547-4ED7-B2CF-8AD96C7E6340}.Release|Mixed Platforms.ActiveCfg = Release|x86
		{435C0FB7-C547-4ED7-B2CF-8AD96C7E6340}.Release|Mixed Platforms.Build.0 = Release|x86
		{435C0FB7-C547-4ED7-B2CF-8AD96C7E6340}.Release|x86.ActiveCfg = Release|x86
		{435C0FB7-C547-4ED7-B2CF-8AD96C7E6340}.Release|x86.Build.0 = Release|x86
		{7C1A2DEA-9AF0-4D89-BAA0-7BDE8CC88026}.Debug|Any CPU.ActiveCfg = Debug|Any CPU
		{7C1A2DEA-9AF0-4D89-BAA0-7BDE8CC88026}.Debug|Any CPU.Build.0 = Debug|Any CPU
		{7C1A2DEA-9AF0-4D89-BAA0-7BDE8CC88026}.Debug|Mixed Platforms.ActiveCfg = Debug|x86
		{7C1A2DEA-9AF0-4D89-BAA0-7BDE8CC88026}.Debug|Mixed Platforms.Build.0 = Debug|x86
		{7C1A2DEA-9AF0-4D89-BAA0-7BDE8CC88026}.Debug|x86.ActiveCfg = Debug|x86
		{7C1A2DEA-9AF0-4D89-BAA0-7BDE8CC88026}.Debug|x86.Build.0 = Debug|x86
		{7C1A2DEA-9AF0-4D89-BAA0-7BDE8CC88026}.Release|Any CPU.ActiveCfg = Release|Any CPU
		{7C1A2DEA-9AF0-4D89-BAA0-7BDE8CC88026}.Release|Any CPU.Build.0 = Release|Any CPU
		{7C1A2DEA-9AF0-4D89-BAA0-7BDE8CC88026}.Release|Mixed Platforms.ActiveCfg = Release|x86
		{7C1A2DEA-9AF0-4D89-BAA0-7BDE8CC88026}.Release|Mixed Platforms.Build.0 = Release|x86
		{7C1A2DEA-9AF0-4D89-BAA0-7BDE8CC88026}.Release|x86.ActiveCfg = Release|x86
		{7C1A2DEA-9AF0-4D89-BAA0-7BDE8CC88026}.Release|x86.Build.0 = Release|x86
		{365461CA-DDB0-4429-9458-5E7A8D0644A2}.Debug|Any CPU.ActiveCfg = Debug|Any CPU
		{365461CA-DDB0-4429-9458-5E7A8D0644A2}.Debug|Any CPU.Build.0 = Debug|Any CPU
		{365461CA-DDB0-4429-9458-5E7A8D0644A2}.Debug|Mixed Platforms.ActiveCfg = Debug|x86
		{365461CA-DDB0-4429-9458-5E7A8D0644A2}.Debug|Mixed Platforms.Build.0 = Debug|x86
		{365461CA-DDB0-4429-9458-5E7A8D0644A2}.Debug|x86.ActiveCfg = Debug|x86
		{365461CA-DDB0-4429-9458-5E7A8D0644A2}.Debug|x86.Build.0 = Debug|x86
		{365461CA-DDB0-4429-9458-5E7A8D0644A2}.Release|Any CPU.ActiveCfg = Release|Any CPU
		{365461CA-DDB0-4429-9458-5E7A8D0644A2}.Release|Any CPU.Build.0 = Release|Any CPU
		{365461CA-DDB0-4429-9458-5E7A8D0644A2}.Release|Mixed Platforms.ActiveCfg = Release|x86
		{365461CA-DDB0-4429-9458-5E7A8D0644A2}.Release|Mixed Platforms.Build.0 = Release|x86
		{365461CA-DDB0-4429-9458-5E7A8D0644A2}.Release|x86.ActiveCfg = Release|x86
		{365461CA-DDB0-4429-9458-5E7A8D0644A2}.Release|x86.Build.0 = Release|x86
		{60F0705E-F955-4F51-A3EA-7AFB9A38301C}.Debug|Any CPU.ActiveCfg = Debug|Any CPU
		{60F0705E-F955-4F51-A3EA-7AFB9A38301C}.Debug|Any CPU.Build.0 = Debug|Any CPU
		{60F0705E-F955-4F51-A3EA-7AFB9A38301C}.Debug|Mixed Platforms.ActiveCfg = Debug|x86
		{60F0705E-F955-4F51-A3EA-7AFB9A38301C}.Debug|Mixed Platforms.Build.0 = Debug|x86
		{60F0705E-F955-4F51-A3EA-7AFB9A38301C}.Debug|x86.ActiveCfg = Debug|x86
		{60F0705E-F955-4F51-A3EA-7AFB9A38301C}.Debug|x86.Build.0 = Debug|x86
		{60F0705E-F955-4F51-A3EA-7AFB9A38301C}.Release|Any CPU.ActiveCfg = Release|Any CPU
		{60F0705E-F955-4F51-A3EA-7AFB9A38301C}.Release|Any CPU.Build.0 = Release|Any CPU
		{60F0705E-F955-4F51-A3EA-7AFB9A38301C}.Release|Mixed Platforms.ActiveCfg = Release|x86
		{60F0705E-F955-4F51-A3EA-7AFB9A38301C}.Release|Mixed Platforms.Build.0 = Release|x86
		{60F0705E-F955-4F51-A3EA-7AFB9A38301C}.Release|x86.ActiveCfg = Release|x86
		{60F0705E-F955-4F51-A3EA-7AFB9A38301C}.Release|x86.Build.0 = Release|x86
	EndGlobalSection
	GlobalSection(SolutionProperties) = preSolution
		HideSolutionNode = FALSE
	EndGlobalSection
	GlobalSection(NestedProjects) = preSolution
		{E228602E-B409-42E9-A3B6-78FA0C31274B} = {6258F4AA-1478-494B-83E8-27CD2D2DEE49}
		{5987C355-7DDE-4757-BA6B-6F3091A8B6FB} = {6258F4AA-1478-494B-83E8-27CD2D2DEE49}
		{EC95B932-D687-49CE-B37D-25B60A7D74CF} = {6258F4AA-1478-494B-83E8-27CD2D2DEE49}
		{37C30EF0-874F-4704-AB83-17213B99A17F} = {6258F4AA-1478-494B-83E8-27CD2D2DEE49}
		{37978E20-095C-4BF7-AE84-C5FAAE09307D} = {6258F4AA-1478-494B-83E8-27CD2D2DEE49}
		{0187DF3F-8B77-466C-9C0B-EB1A943D46BB} = {DC7D4FA2-C12B-474E-8025-5B9FE9ED0CAD}
		{FAE9A6B4-BC2E-44D5-A40F-4AE177666BEA} = {DC7D4FA2-C12B-474E-8025-5B9FE9ED0CAD}
		{A4DEDE52-A2F7-46F1-84A9-53F9F2901263} = {02E1708D-041E-4482-97D6-0CE975588FCC}
		{F8AE0826-FCCA-4CB1-8704-488CFC05FCB0} = {FCC1AEBD-D1EA-471A-8F73-65AD9842F17B}
		{418142C6-8B58-42AA-B97D-27A432885027} = {FCC1AEBD-D1EA-471A-8F73-65AD9842F17B}
		{BF06B77F-4AA7-4E97-BDEC-13B3EDD654CF} = {FCC1AEBD-D1EA-471A-8F73-65AD9842F17B}
		{73E85F4F-BEEF-4C98-AF52-A5262EB7719E} = {FCC1AEBD-D1EA-471A-8F73-65AD9842F17B}
		{D7FFEF84-6EF7-49B9-A8E5-80A481057804} = {FCC1AEBD-D1EA-471A-8F73-65AD9842F17B}
		{1514DCBA-0566-46D5-B022-C8A029373911} = {73E85F4F-BEEF-4C98-AF52-A5262EB7719E}
		{435C0FB7-C547-4ED7-B2CF-8AD96C7E6340} = {73E85F4F-BEEF-4C98-AF52-A5262EB7719E}
		{7C1A2DEA-9AF0-4D89-BAA0-7BDE8CC88026} = {73E85F4F-BEEF-4C98-AF52-A5262EB7719E}
		{365461CA-DDB0-4429-9458-5E7A8D0644A2} = {73E85F4F-BEEF-4C98-AF52-A5262EB7719E}
		{60F0705E-F955-4F51-A3EA-7AFB9A38301C} = {73E85F4F-BEEF-4C98-AF52-A5262EB7719E}
	EndGlobalSection
EndGlobal
